
Microsoft Visual Studio Solution File, Format Version 12.00
# Visual Studio Version 16
VisualStudioVersion = 16.0.29613.14
MinimumVisualStudioVersion = 10.0.40219.1
Project("{2150E333-8FDC-42A3-9474-1A3956D46DE8}") = "솔루션 항목", "솔루션 항목", "{67935161-69B8-4485-91F5-F0EEC8A68BD1}"
	ProjectSection(SolutionItems) = preProject
		Magic.vsd = Magic.vsd
	EndProjectSection
EndProject
Project("{FAE04EC0-301F-11D3-BF4B-00C04F79EFBC}") = "gCAD_Calc2020", "gCAD_Calc\gCAD_Calc2020.csproj", "{1D93330A-8811-4ED5-9C31-AD70DCFF2178}"
EndProject
Project("{8BC9CEB8-8B4A-11D0-8D11-00A0C91BC942}") = "MagicCivil2020", "MagicCivil\MagicCivil2020.vcxproj", "{09260307-48C2-4E0B-8A29-EAE6CD8DCDD5}"
EndProject
Project("{8BC9CEB8-8B4A-11D0-8D11-00A0C91BC942}") = "MagicRegister2020", "MagicRegister\MagicRegister2020.vcxproj", "{C0C36AA0-D7E2-4CC1-AD5C-F5728AA9D213}"
EndProject
Project("{8BC9CEB8-8B4A-11D0-8D11-00A0C91BC942}") = "MagicUtil2020", "MagicUtil\MagicUtil2020.vcxproj", "{8FB81EA9-5A10-4573-850A-759CFDEF99E3}"
EndProject
Project("{8BC9CEB8-8B4A-11D0-8D11-00A0C91BC942}") = "MagicCivil2020M", "MagicCivil\MagicCivil2020M.vcxproj", "{682D8D83-4BD2-408A-893F-6F0114102BEA}"
EndProject
Project("{8BC9CEB8-8B4A-11D0-8D11-00A0C91BC942}") = "MagicRegister2020M", "MagicRegister\MagicRegister2020M.vcxproj", "{EACE62BB-54B6-489A-8B53-1F25BD1D3DED}"
EndProject
Project("{8BC9CEB8-8B4A-11D0-8D11-00A0C91BC942}") = "MagicUtil2020M", "MagicUtil\MagicUtil2020M.vcxproj", "{F803016F-1A09-4887-84B1-587A44B5D0F2}"
EndProject
Project("{FAE04EC0-301F-11D3-BF4B-00C04F79EFBC}") = "gCAD_Calc2020M", "gCAD_Calc\gCAD_Calc2020M.csproj", "{1AC03592-FA19-4E2A-A0BA-411D5218105C}"
EndProject
Project("{FAE04EC0-301F-11D3-BF4B-00C04F79EFBC}") = "gCAD_Calc2021", "gCAD_Calc\gCAD_Calc2021.csproj", "{92139414-5FC4-4435-8E02-DEFC20210AC6}"
EndProject
Project("{8BC9CEB8-8B4A-11D0-8D11-00A0C91BC942}") = "MagicCivil2021", "MagicCivil\MagicCivil2021.vcxproj", "{A7D12F32-36DE-44E4-B849-C79797ED8642}"
EndProject
Project("{8BC9CEB8-8B4A-11D0-8D11-00A0C91BC942}") = "MagicUtil2021", "MagicUtil\MagicUtil2021.vcxproj", "{1E812010-90E1-4579-8EF2-4C71DADA082F}"
EndProject
Project("{8BC9CEB8-8B4A-11D0-8D11-00A0C91BC942}") = "MagicRegister2021", "MagicRegister\MagicRegister2021.vcxproj", "{326E5D3B-F324-47F0-837D-66790B7FBF72}"
EndProject
Project("{FAE04EC0-301F-11D3-BF4B-00C04F79EFBC}") = "gCAD_Calc2021M", "gCAD_Calc\gCAD_Calc2021M.csproj", "{EB17BB88-135B-4D9E-85B7-31E3C1C17B0A}"
EndProject
Project("{8BC9CEB8-8B4A-11D0-8D11-00A0C91BC942}") = "MagicCivil2021M", "MagicCivil\MagicCivil2021M.vcxproj", "{11BAB799-4E8B-4E4C-8AEE-EE10E3137B51}"
EndProject
Project("{8BC9CEB8-8B4A-11D0-8D11-00A0C91BC942}") = "MagicUtil2021M", "MagicUtil\MagicUtil2021M.vcxproj", "{4693C83C-5D99-4B0E-A072-7D2BA39F4DB2}"
EndProject
Project("{8BC9CEB8-8B4A-11D0-8D11-00A0C91BC942}") = "MagicRegister2021M", "MagicRegister\MagicRegister2021M.vcxproj", "{21B9F256-BE86-4A93-9929-96CE1AD2CF2C}"
EndProject
Global
	GlobalSection(SolutionConfigurationPlatforms) = preSolution
		Debug|Win32 = Debug|Win32
		Debug|x64 = Debug|x64
		Release|Win32 = Release|Win32
		Release|x64 = Release|x64
	EndGlobalSection
	GlobalSection(ProjectConfigurationPlatforms) = postSolution
		{1D93330A-8811-4ED5-9C31-AD70DCFF2178}.Debug|Win32.ActiveCfg = Debug|Win32
		{1D93330A-8811-4ED5-9C31-AD70DCFF2178}.Debug|Win32.Build.0 = Debug|Win32
		{1D93330A-8811-4ED5-9C31-AD70DCFF2178}.Debug|x64.ActiveCfg = Debug|x64
		{1D93330A-8811-4ED5-9C31-AD70DCFF2178}.Debug|x64.Build.0 = Debug|x64
		{1D93330A-8811-4ED5-9C31-AD70DCFF2178}.Release|Win32.ActiveCfg = Release|Win32
		{1D93330A-8811-4ED5-9C31-AD70DCFF2178}.Release|Win32.Build.0 = Release|Win32
		{1D93330A-8811-4ED5-9C31-AD70DCFF2178}.Release|x64.ActiveCfg = Release|x64
		{1D93330A-8811-4ED5-9C31-AD70DCFF2178}.Release|x64.Build.0 = Release|x64
		{09260307-48C2-4E0B-8A29-EAE6CD8DCDD5}.Debug|Win32.ActiveCfg = Debug|Win32
		{09260307-48C2-4E0B-8A29-EAE6CD8DCDD5}.Debug|Win32.Build.0 = Debug|Win32
		{09260307-48C2-4E0B-8A29-EAE6CD8DCDD5}.Debug|x64.ActiveCfg = Debug|x64
		{09260307-48C2-4E0B-8A29-EAE6CD8DCDD5}.Debug|x64.Build.0 = Debug|x64
		{09260307-48C2-4E0B-8A29-EAE6CD8DCDD5}.Release|Win32.ActiveCfg = Release|Win32
		{09260307-48C2-4E0B-8A29-EAE6CD8DCDD5}.Release|Win32.Build.0 = Release|Win32
		{09260307-48C2-4E0B-8A29-EAE6CD8DCDD5}.Release|x64.ActiveCfg = Release|x64
		{09260307-48C2-4E0B-8A29-EAE6CD8DCDD5}.Release|x64.Build.0 = Release|x64
		{C0C36AA0-D7E2-4CC1-AD5C-F5728AA9D213}.Debug|Win32.ActiveCfg = Debug|Win32
		{C0C36AA0-D7E2-4CC1-AD5C-F5728AA9D213}.Debug|Win32.Build.0 = Debug|Win32
		{C0C36AA0-D7E2-4CC1-AD5C-F5728AA9D213}.Debug|x64.ActiveCfg = Debug|Win32
		{C0C36AA0-D7E2-4CC1-AD5C-F5728AA9D213}.Release|Win32.ActiveCfg = Release|Win32
		{C0C36AA0-D7E2-4CC1-AD5C-F5728AA9D213}.Release|Win32.Build.0 = Release|Win32
		{C0C36AA0-D7E2-4CC1-AD5C-F5728AA9D213}.Release|x64.ActiveCfg = Release|Win32
		{8FB81EA9-5A10-4573-850A-759CFDEF99E3}.Debug|Win32.ActiveCfg = Debug|Win32
		{8FB81EA9-5A10-4573-850A-759CFDEF99E3}.Debug|Win32.Build.0 = Debug|Win32
		{8FB81EA9-5A10-4573-850A-759CFDEF99E3}.Debug|x64.ActiveCfg = Debug|x64
		{8FB81EA9-5A10-4573-850A-759CFDEF99E3}.Debug|x64.Build.0 = Debug|x64
		{8FB81EA9-5A10-4573-850A-759CFDEF99E3}.Release|Win32.ActiveCfg = Release|Win32
		{8FB81EA9-5A10-4573-850A-759CFDEF99E3}.Release|Win32.Build.0 = Release|Win32
		{8FB81EA9-5A10-4573-850A-759CFDEF99E3}.Release|x64.ActiveCfg = Release|x64
		{8FB81EA9-5A10-4573-850A-759CFDEF99E3}.Release|x64.Build.0 = Release|x64
		{682D8D83-4BD2-408A-893F-6F0114102BEA}.Debug|Win32.ActiveCfg = Debug|Win32
		{682D8D83-4BD2-408A-893F-6F0114102BEA}.Debug|Win32.Build.0 = Debug|Win32
		{682D8D83-4BD2-408A-893F-6F0114102BEA}.Debug|x64.ActiveCfg = Debug|x64
		{682D8D83-4BD2-408A-893F-6F0114102BEA}.Debug|x64.Build.0 = Debug|x64
		{682D8D83-4BD2-408A-893F-6F0114102BEA}.Release|Win32.ActiveCfg = Release|Win32
		{682D8D83-4BD2-408A-893F-6F0114102BEA}.Release|Win32.Build.0 = Release|Win32
		{682D8D83-4BD2-408A-893F-6F0114102BEA}.Release|x64.ActiveCfg = Release|x64
		{682D8D83-4BD2-408A-893F-6F0114102BEA}.Release|x64.Build.0 = Release|x64
		{EACE62BB-54B6-489A-8B53-1F25BD1D3DED}.Debug|Win32.ActiveCfg = Debug|Win32
		{EACE62BB-54B6-489A-8B53-1F25BD1D3DED}.Debug|Win32.Build.0 = Debug|Win32
		{EACE62BB-54B6-489A-8B53-1F25BD1D3DED}.Debug|x64.ActiveCfg = Debug|Win32
		{EACE62BB-54B6-489A-8B53-1F25BD1D3DED}.Release|Win32.ActiveCfg = Release|Win32
		{EACE62BB-54B6-489A-8B53-1F25BD1D3DED}.Release|Win32.Build.0 = Release|Win32
		{EACE62BB-54B6-489A-8B53-1F25BD1D3DED}.Release|x64.ActiveCfg = Release|Win32
		{F803016F-1A09-4887-84B1-587A44B5D0F2}.Debug|Win32.ActiveCfg = Debug|Win32
		{F803016F-1A09-4887-84B1-587A44B5D0F2}.Debug|Win32.Build.0 = Debug|Win32
		{F803016F-1A09-4887-84B1-587A44B5D0F2}.Debug|x64.ActiveCfg = Debug|x64
		{F803016F-1A09-4887-84B1-587A44B5D0F2}.Debug|x64.Build.0 = Debug|x64
		{F803016F-1A09-4887-84B1-587A44B5D0F2}.Release|Win32.ActiveCfg = Release|Win32
		{F803016F-1A09-4887-84B1-587A44B5D0F2}.Release|Win32.Build.0 = Release|Win32
		{F803016F-1A09-4887-84B1-587A44B5D0F2}.Release|x64.ActiveCfg = Release|x64
		{F803016F-1A09-4887-84B1-587A44B5D0F2}.Release|x64.Build.0 = Release|x64
		{1AC03592-FA19-4E2A-A0BA-411D5218105C}.Debug|Win32.ActiveCfg = Debug|Win32
		{1AC03592-FA19-4E2A-A0BA-411D5218105C}.Debug|Win32.Build.0 = Debug|Win32
		{1AC03592-FA19-4E2A-A0BA-411D5218105C}.Debug|x64.ActiveCfg = Debug|x64
		{1AC03592-FA19-4E2A-A0BA-411D5218105C}.Debug|x64.Build.0 = Debug|x64
		{1AC03592-FA19-4E2A-A0BA-411D5218105C}.Release|Win32.ActiveCfg = Release|Win32
		{1AC03592-FA19-4E2A-A0BA-411D5218105C}.Release|Win32.Build.0 = Release|Win32
		{1AC03592-FA19-4E2A-A0BA-411D5218105C}.Release|x64.ActiveCfg = Release|x64
		{1AC03592-FA19-4E2A-A0BA-411D5218105C}.Release|x64.Build.0 = Release|x64
		{92139414-5FC4-4435-8E02-DEFC20210AC6}.Debug|Win32.ActiveCfg = Debug|Win32
		{92139414-5FC4-4435-8E02-DEFC20210AC6}.Debug|Win32.Build.0 = Debug|Win32
		{92139414-5FC4-4435-8E02-DEFC20210AC6}.Debug|x64.ActiveCfg = Debug|x64
		{92139414-5FC4-4435-8E02-DEFC20210AC6}.Debug|x64.Build.0 = Debug|x64
		{92139414-5FC4-4435-8E02-DEFC20210AC6}.Release|Win32.ActiveCfg = Release|Win32
		{92139414-5FC4-4435-8E02-DEFC20210AC6}.Release|Win32.Build.0 = Release|Win32
		{92139414-5FC4-4435-8E02-DEFC20210AC6}.Release|x64.ActiveCfg = Release|x64
		{92139414-5FC4-4435-8E02-DEFC20210AC6}.Release|x64.Build.0 = Release|x64
		{A7D12F32-36DE-44E4-B849-C79797ED8642}.Debug|Win32.ActiveCfg = Debug|Win32
		{A7D12F32-36DE-44E4-B849-C79797ED8642}.Debug|Win32.Build.0 = Debug|Win32
		{A7D12F32-36DE-44E4-B849-C79797ED8642}.Debug|x64.ActiveCfg = Debug|x64
		{A7D12F32-36DE-44E4-B849-C79797ED8642}.Debug|x64.Build.0 = Debug|x64
		{A7D12F32-36DE-44E4-B849-C79797ED8642}.Release|Win32.ActiveCfg = Release|Win32
		{A7D12F32-36DE-44E4-B849-C79797ED8642}.Release|Win32.Build.0 = Release|Win32
		{A7D12F32-36DE-44E4-B849-C79797ED8642}.Release|x64.ActiveCfg = Release|x64
		{A7D12F32-36DE-44E4-B849-C79797ED8642}.Release|x64.Build.0 = Release|x64
		{1E812010-90E1-4579-8EF2-4C71DADA082F}.Debug|Win32.ActiveCfg = Debug|Win32
		{1E812010-90E1-4579-8EF2-4C71DADA082F}.Debug|Win32.Build.0 = Debug|Win32
		{1E812010-90E1-4579-8EF2-4C71DADA082F}.Debug|x64.ActiveCfg = Debug|x64
		{1E812010-90E1-4579-8EF2-4C71DADA082F}.Debug|x64.Build.0 = Debug|x64
		{1E812010-90E1-4579-8EF2-4C71DADA082F}.Release|Win32.ActiveCfg = Release|Win32
		{1E812010-90E1-4579-8EF2-4C71DADA082F}.Release|Win32.Build.0 = Release|Win32
		{1E812010-90E1-4579-8EF2-4C71DADA082F}.Release|x64.ActiveCfg = Release|x64
		{1E812010-90E1-4579-8EF2-4C71DADA082F}.Release|x64.Build.0 = Release|x64
		{326E5D3B-F324-47F0-837D-66790B7FBF72}.Debug|Win32.ActiveCfg = Debug|Win32
		{326E5D3B-F324-47F0-837D-66790B7FBF72}.Debug|Win32.Build.0 = Debug|Win32
		{326E5D3B-F324-47F0-837D-66790B7FBF72}.Debug|x64.ActiveCfg = Debug|Win32
		{326E5D3B-F324-47F0-837D-66790B7FBF72}.Release|Win32.ActiveCfg = Release|Win32
		{326E5D3B-F324-47F0-837D-66790B7FBF72}.Release|Win32.Build.0 = Release|Win32
		{326E5D3B-F324-47F0-837D-66790B7FBF72}.Release|x64.ActiveCfg = Release|Win32
		{EB17BB88-135B-4D9E-85B7-31E3C1C17B0A}.Debug|Win32.ActiveCfg = Debug|Win32
		{EB17BB88-135B-4D9E-85B7-31E3C1C17B0A}.Debug|Win32.Build.0 = Debug|Win32
		{EB17BB88-135B-4D9E-85B7-31E3C1C17B0A}.Debug|x64.ActiveCfg = Debug|x64
		{EB17BB88-135B-4D9E-85B7-31E3C1C17B0A}.Debug|x64.Build.0 = Debug|x64
		{EB17BB88-135B-4D9E-85B7-31E3C1C17B0A}.Release|Win32.ActiveCfg = Release|Win32
		{EB17BB88-135B-4D9E-85B7-31E3C1C17B0A}.Release|Win32.Build.0 = Release|Win32
		{EB17BB88-135B-4D9E-85B7-31E3C1C17B0A}.Release|x64.ActiveCfg = Release|x64
		{EB17BB88-135B-4D9E-85B7-31E3C1C17B0A}.Release|x64.Build.0 = Release|x64
		{11BAB799-4E8B-4E4C-8AEE-EE10E3137B51}.Debug|Win32.ActiveCfg = Debug|Win32
		{11BAB799-4E8B-4E4C-8AEE-EE10E3137B51}.Debug|Win32.Build.0 = Debug|Win32
		{11BAB799-4E8B-4E4C-8AEE-EE10E3137B51}.Debug|x64.ActiveCfg = Debug|x64
		{11BAB799-4E8B-4E4C-8AEE-EE10E3137B51}.Debug|x64.Build.0 = Debug|x64
		{11BAB799-4E8B-4E4C-8AEE-EE10E3137B51}.Release|Win32.ActiveCfg = Release|Win32
		{11BAB799-4E8B-4E4C-8AEE-EE10E3137B51}.Release|Win32.Build.0 = Release|Win32
		{11BAB799-4E8B-4E4C-8AEE-EE10E3137B51}.Release|x64.ActiveCfg = Release|x64
		{11BAB799-4E8B-4E4C-8AEE-EE10E3137B51}.Release|x64.Build.0 = Release|x64
		{4693C83C-5D99-4B0E-A072-7D2BA39F4DB2}.Debug|Win32.ActiveCfg = Debug|Win32
		{4693C83C-5D99-4B0E-A072-7D2BA39F4DB2}.Debug|Win32.Build.0 = Debug|Win32
		{4693C83C-5D99-4B0E-A072-7D2BA39F4DB2}.Debug|x64.ActiveCfg = Debug|x64
		{4693C83C-5D99-4B0E-A072-7D2BA39F4DB2}.Debug|x64.Build.0 = Debug|x64
		{4693C83C-5D99-4B0E-A072-7D2BA39F4DB2}.Release|Win32.ActiveCfg = Release|Win32
		{4693C83C-5D99-4B0E-A072-7D2BA39F4DB2}.Release|Win32.Build.0 = Release|Win32
		{4693C83C-5D99-4B0E-A072-7D2BA39F4DB2}.Release|x64.ActiveCfg = Release|x64
		{4693C83C-5D99-4B0E-A072-7D2BA39F4DB2}.Release|x64.Build.0 = Release|x64
		{21B9F256-BE86-4A93-9929-96CE1AD2CF2C}.Debug|Win32.ActiveCfg = Debug|Win32
		{21B9F256-BE86-4A93-9929-96CE1AD2CF2C}.Debug|Win32.Build.0 = Debug|Win32
		{21B9F256-BE86-4A93-9929-96CE1AD2CF2C}.Debug|x64.ActiveCfg = Debug|Win32
		{21B9F256-BE86-4A93-9929-96CE1AD2CF2C}.Release|Win32.ActiveCfg = Release|Win32
		{21B9F256-BE86-4A93-9929-96CE1AD2CF2C}.Release|Win32.Build.0 = Release|Win32
		{21B9F256-BE86-4A93-9929-96CE1AD2CF2C}.Release|x64.ActiveCfg = Release|Win32
	EndGlobalSection
	GlobalSection(SolutionProperties) = preSolution
		HideSolutionNode = FALSE
	EndGlobalSection
	GlobalSection(ExtensibilityGlobals) = postSolution
		SolutionGuid = {7140F149-32CB-4407-A424-EFA92B34A537}
	EndGlobalSection
EndGlobal
