
Microsoft Visual Studio Solution File, Format Version 11.00
# Visual Studio 2010
Project("{8BC9CEB8-8B4A-11D0-8D11-00A0C91BC942}") = "MagicCivil2017", "MagicCivil\MagicCivil2017.vcxproj", "{AFF07610-2D64-4777-BA8E-C7B9C863F7DE}"
EndProject
Project("{8BC9CEB8-8B4A-11D0-8D11-00A0C91BC942}") = "MagicCivil2018", "MagicCivil\MagicCivil2018.vcxproj", "{99761EED-ECA1-44B8-914A-658B17D67EBA}"
EndProject
Project("{8BC9CEB8-8B4A-11D0-8D11-00A0C91BC942}") = "MagicCivil2019", "MagicCivil\MagicCivil2019.vcxproj", "{84D85260-A30E-4873-9C25-064688C92FA6}"
EndProject
Project("{8BC9CEB8-8B4A-11D0-8D11-00A0C91BC942}") = "MagicUtil2017", "MagicUtil\MagicUtil2017.vcxproj", "{C1ACA00F-8646-457C-9AC8-10B10EAA915A}"
EndProject
Project("{8BC9CEB8-8B4A-11D0-8D11-00A0C91BC942}") = "MagicUtil2018", "MagicUtil\MagicUtil2018.vcxproj", "{38A9F196-2842-4777-9D0C-7D01B307DBED}"
EndProject
Project("{8BC9CEB8-8B4A-11D0-8D11-00A0C91BC942}") = "MagicUtil2019", "MagicUtil\MagicUtil2019.vcxproj", "{7625EDC2-B7C6-4113-A9F4-76139EA42705}"
EndProject
Project("{FAE04EC0-301F-11D3-BF4B-00C04F79EFBC}") = "gCAD_Calc2017", "gCAD_Calc\gCAD_Calc2017.csproj", "{2A7F0EAC-B025-4212-87FD-D52B4BCC5B17}"
EndProject
Project("{FAE04EC0-301F-11D3-BF4B-00C04F79EFBC}") = "gCAD_Calc2018", "gCAD_Calc\gCAD_Calc2018.csproj", "{E9750E9D-6C7B-46F9-BD22-1E3D1666563A}"
EndProject
Project("{FAE04EC0-301F-11D3-BF4B-00C04F79EFBC}") = "gCAD_Calc2019", "gCAD_Calc\gCAD_Calc2019.csproj", "{B768272A-F719-49C8-AFD1-1EC158148E24}"
EndProject
Project("{8BC9CEB8-8B4A-11D0-8D11-00A0C91BC942}") = "MagicRegister2019", "MagicRegister\MagicRegister2019.vcxproj", "{15AF1674-5D47-4D1C-890C-DF4DC376B8F5}"
EndProject
Project("{8BC9CEB8-8B4A-11D0-8D11-00A0C91BC942}") = "MagicCivil2017M", "MagicCivil\MagicCivil2017M.vcxproj", "{9B5DD17A-B612-4607-B623-E586B4F875DB}"
EndProject
Project("{8BC9CEB8-8B4A-11D0-8D11-00A0C91BC942}") = "MagicCivil2018M", "MagicCivil\MagicCivil2018M.vcxproj", "{2671A2DD-7A67-4EB5-934D-D49771095467}"
EndProject
Project("{8BC9CEB8-8B4A-11D0-8D11-00A0C91BC942}") = "MagicUtil2017M", "MagicUtil\MagicUtil2017M.vcxproj", "{CEC58023-49D7-468B-98D1-FA86A3E88374}"
EndProject
Project("{8BC9CEB8-8B4A-11D0-8D11-00A0C91BC942}") = "MagicUtil2018M", "MagicUtil\MagicUtil2018M.vcxproj", "{0E582D9D-96BD-4FC2-B7E0-0D1273ADAF15}"
EndProject
Project("{FAE04EC0-301F-11D3-BF4B-00C04F79EFBC}") = "gCAD_Calc2017M", "gCAD_Calc\gCAD_Calc2017M.csproj", "{CEDE02CB-C628-4369-83E9-A4290BD913A2}"
EndProject
Project("{FAE04EC0-301F-11D3-BF4B-00C04F79EFBC}") = "gCAD_Calc2018M", "gCAD_Calc\gCAD_Calc2018M.csproj", "{926F0D77-4887-4215-9232-242D418A1F2D}"
EndProject
Project("{8BC9CEB8-8B4A-11D0-8D11-00A0C91BC942}") = "MagicRegister2018M", "MagicRegister\MagicRegister2018M.vcxproj", "{8F19B758-692E-45C0-9BB7-967F22C6721A}"
EndProject
Project("{2150E333-8FDC-42A3-9474-1A3956D46DE8}") = "솔루션 항목", "솔루션 항목", "{67935161-69B8-4485-91F5-F0EEC8A68BD1}"
	ProjectSection(SolutionItems) = preProject
		Magic.vsd = Magic.vsd
	EndProjectSection
EndProject
Project("{8BC9CEB8-8B4A-11D0-8D11-00A0C91BC942}") = "MagicRegister2017", "MagicRegister\MagicRegister2017.vcxproj", "{C0814893-BB50-411E-8114-D36151562D1C}"
EndProject
Project("{8BC9CEB8-8B4A-11D0-8D11-00A0C91BC942}") = "MagicRegister2017M", "MagicRegister\MagicRegister2017M.vcxproj", "{ED0139F3-24EC-4F62-8FA6-CF10E7F5137E}"
EndProject
Project("{8BC9CEB8-8B4A-11D0-8D11-00A0C91BC942}") = "MagicRegister2018", "MagicRegister\MagicRegister2018.vcxproj", "{807FC757-D95B-411E-AE6F-A7EB4B4AA396}"
EndProject
Project("{FAE04EC0-301F-11D3-BF4B-00C04F79EFBC}") = "gCAD_Calc2019M", "gCAD_Calc\gCAD_Calc2019M.csproj", "{1AC03592-FA19-4E2A-A0BA-411D5218105C}"
EndProject
Project("{8BC9CEB8-8B4A-11D0-8D11-00A0C91BC942}") = "MagicCivil2019M", "MagicCivil\MagicCivil2019M.vcxproj", "{682D8D83-4BD2-408A-893F-6F0114102BEA}"
EndProject
Project("{8BC9CEB8-8B4A-11D0-8D11-00A0C91BC942}") = "MagicUtil2019M", "MagicUtil\MagicUtil2019M.vcxproj", "{F803016F-1A09-4887-84B1-587A44B5D0F2}"
EndProject
Project("{8BC9CEB8-8B4A-11D0-8D11-00A0C91BC942}") = "MagicRegister2019M", "MagicRegister\MagicRegister2019M.vcxproj", "{EACE62BB-54B6-489A-8B53-1F25BD1D3DED}"
EndProject
Global
	GlobalSection(SolutionConfigurationPlatforms) = preSolution
		Debug|Win32 = Debug|Win32
		Debug|x64 = Debug|x64
		Release|Win32 = Release|Win32
		Release|x64 = Release|x64
	EndGlobalSection
	GlobalSection(ProjectConfigurationPlatforms) = postSolution
		{AFF07610-2D64-4777-BA8E-C7B9C863F7DE}.Debug|Win32.ActiveCfg = Debug|Win32
		{AFF07610-2D64-4777-BA8E-C7B9C863F7DE}.Debug|x64.ActiveCfg = Debug|x64
		{AFF07610-2D64-4777-BA8E-C7B9C863F7DE}.Debug|x64.Build.0 = Debug|x64
		{AFF07610-2D64-4777-BA8E-C7B9C863F7DE}.Release|Win32.ActiveCfg = Release|Win32
		{AFF07610-2D64-4777-BA8E-C7B9C863F7DE}.Release|Win32.Build.0 = Release|Win32
		{AFF07610-2D64-4777-BA8E-C7B9C863F7DE}.Release|x64.ActiveCfg = Release|x64
		{AFF07610-2D64-4777-BA8E-C7B9C863F7DE}.Release|x64.Build.0 = Release|x64
		{99761EED-ECA1-44B8-914A-658B17D67EBA}.Debug|Win32.ActiveCfg = Debug|Win32
		{99761EED-ECA1-44B8-914A-658B17D67EBA}.Debug|x64.ActiveCfg = Debug|x64
		{99761EED-ECA1-44B8-914A-658B17D67EBA}.Debug|x64.Build.0 = Debug|x64
		{99761EED-ECA1-44B8-914A-658B17D67EBA}.Release|Win32.ActiveCfg = Release|Win32
		{99761EED-ECA1-44B8-914A-658B17D67EBA}.Release|Win32.Build.0 = Release|Win32
		{99761EED-ECA1-44B8-914A-658B17D67EBA}.Release|x64.ActiveCfg = Release|x64
		{99761EED-ECA1-44B8-914A-658B17D67EBA}.Release|x64.Build.0 = Release|x64
		{84D85260-A30E-4873-9C25-064688C92FA6}.Debug|Win32.ActiveCfg = Debug|Win32
		{84D85260-A30E-4873-9C25-064688C92FA6}.Debug|x64.ActiveCfg = Debug|x64
		{84D85260-A30E-4873-9C25-064688C92FA6}.Debug|x64.Build.0 = Debug|x64
		{84D85260-A30E-4873-9C25-064688C92FA6}.Release|Win32.ActiveCfg = Release|Win32
		{84D85260-A30E-4873-9C25-064688C92FA6}.Release|Win32.Build.0 = Release|Win32
		{84D85260-A30E-4873-9C25-064688C92FA6}.Release|x64.ActiveCfg = Release|x64
		{84D85260-A30E-4873-9C25-064688C92FA6}.Release|x64.Build.0 = Release|x64
		{C1ACA00F-8646-457C-9AC8-10B10EAA915A}.Debug|Win32.ActiveCfg = Debug|Win32
		{C1ACA00F-8646-457C-9AC8-10B10EAA915A}.Debug|x64.ActiveCfg = Debug|x64
		{C1ACA00F-8646-457C-9AC8-10B10EAA915A}.Debug|x64.Build.0 = Debug|x64
		{C1ACA00F-8646-457C-9AC8-10B10EAA915A}.Release|Win32.ActiveCfg = Release|Win32
		{C1ACA00F-8646-457C-9AC8-10B10EAA915A}.Release|Win32.Build.0 = Release|Win32
		{C1ACA00F-8646-457C-9AC8-10B10EAA915A}.Release|x64.ActiveCfg = Release|x64
		{C1ACA00F-8646-457C-9AC8-10B10EAA915A}.Release|x64.Build.0 = Release|x64
		{38A9F196-2842-4777-9D0C-7D01B307DBED}.Debug|Win32.ActiveCfg = Debug|Win32
		{38A9F196-2842-4777-9D0C-7D01B307DBED}.Debug|Win32.Build.0 = Debug|Win32
		{38A9F196-2842-4777-9D0C-7D01B307DBED}.Debug|x64.ActiveCfg = Debug|x64
		{38A9F196-2842-4777-9D0C-7D01B307DBED}.Debug|x64.Build.0 = Debug|x64
		{38A9F196-2842-4777-9D0C-7D01B307DBED}.Release|Win32.ActiveCfg = Release|Win32
		{38A9F196-2842-4777-9D0C-7D01B307DBED}.Release|Win32.Build.0 = Release|Win32
		{38A9F196-2842-4777-9D0C-7D01B307DBED}.Release|x64.ActiveCfg = Release|x64
		{38A9F196-2842-4777-9D0C-7D01B307DBED}.Release|x64.Build.0 = Release|x64
		{7625EDC2-B7C6-4113-A9F4-76139EA42705}.Debug|Win32.ActiveCfg = Debug|Win32
		{7625EDC2-B7C6-4113-A9F4-76139EA42705}.Debug|x64.ActiveCfg = Debug|x64
		{7625EDC2-B7C6-4113-A9F4-76139EA42705}.Debug|x64.Build.0 = Debug|x64
		{7625EDC2-B7C6-4113-A9F4-76139EA42705}.Release|Win32.ActiveCfg = Release|Win32
		{7625EDC2-B7C6-4113-A9F4-76139EA42705}.Release|Win32.Build.0 = Release|Win32
		{7625EDC2-B7C6-4113-A9F4-76139EA42705}.Release|x64.ActiveCfg = Release|x64
		{7625EDC2-B7C6-4113-A9F4-76139EA42705}.Release|x64.Build.0 = Release|x64
		{2A7F0EAC-B025-4212-87FD-D52B4BCC5B17}.Debug|Win32.ActiveCfg = Debug|Win32
		{2A7F0EAC-B025-4212-87FD-D52B4BCC5B17}.Debug|x64.ActiveCfg = Debug|x64
		{2A7F0EAC-B025-4212-87FD-D52B4BCC5B17}.Debug|x64.Build.0 = Debug|x64
		{2A7F0EAC-B025-4212-87FD-D52B4BCC5B17}.Release|Win32.ActiveCfg = Release|Win32
		{2A7F0EAC-B025-4212-87FD-D52B4BCC5B17}.Release|Win32.Build.0 = Release|Win32
		{2A7F0EAC-B025-4212-87FD-D52B4BCC5B17}.Release|x64.ActiveCfg = Release|x64
		{2A7F0EAC-B025-4212-87FD-D52B4BCC5B17}.Release|x64.Build.0 = Release|x64
		{E9750E9D-6C7B-46F9-BD22-1E3D1666563A}.Debug|Win32.ActiveCfg = Debug|Win32
		{E9750E9D-6C7B-46F9-BD22-1E3D1666563A}.Debug|x64.ActiveCfg = Debug|x64
		{E9750E9D-6C7B-46F9-BD22-1E3D1666563A}.Debug|x64.Build.0 = Debug|x64
		{E9750E9D-6C7B-46F9-BD22-1E3D1666563A}.Release|Win32.ActiveCfg = Release|Win32
		{E9750E9D-6C7B-46F9-BD22-1E3D1666563A}.Release|Win32.Build.0 = Release|Win32
		{E9750E9D-6C7B-46F9-BD22-1E3D1666563A}.Release|x64.ActiveCfg = Release|x64
		{E9750E9D-6C7B-46F9-BD22-1E3D1666563A}.Release|x64.Build.0 = Release|x64
		{B768272A-F719-49C8-AFD1-1EC158148E24}.Debug|Win32.ActiveCfg = Debug|Win32
		{B768272A-F719-49C8-AFD1-1EC158148E24}.Debug|x64.ActiveCfg = Debug|x64
		{B768272A-F719-49C8-AFD1-1EC158148E24}.Debug|x64.Build.0 = Debug|x64
		{B768272A-F719-49C8-AFD1-1EC158148E24}.Release|Win32.ActiveCfg = Release|Win32
		{B768272A-F719-49C8-AFD1-1EC158148E24}.Release|Win32.Build.0 = Release|Win32
		{B768272A-F719-49C8-AFD1-1EC158148E24}.Release|x64.ActiveCfg = Release|x64
		{B768272A-F719-49C8-AFD1-1EC158148E24}.Release|x64.Build.0 = Release|x64
		{15AF1674-5D47-4D1C-890C-DF4DC376B8F5}.Debug|Win32.ActiveCfg = Debug|Win32
		{15AF1674-5D47-4D1C-890C-DF4DC376B8F5}.Debug|x64.ActiveCfg = Debug|Win32
		{15AF1674-5D47-4D1C-890C-DF4DC376B8F5}.Release|Win32.ActiveCfg = Release|Win32
		{15AF1674-5D47-4D1C-890C-DF4DC376B8F5}.Release|Win32.Build.0 = Release|Win32
		{15AF1674-5D47-4D1C-890C-DF4DC376B8F5}.Release|x64.ActiveCfg = Release|Win32
		{9B5DD17A-B612-4607-B623-E586B4F875DB}.Debug|Win32.ActiveCfg = Debug|Win32
		{9B5DD17A-B612-4607-B623-E586B4F875DB}.Debug|x64.ActiveCfg = Debug|x64
		{9B5DD17A-B612-4607-B623-E586B4F875DB}.Debug|x64.Build.0 = Debug|x64
		{9B5DD17A-B612-4607-B623-E586B4F875DB}.Release|Win32.ActiveCfg = Release|Win32
		{9B5DD17A-B612-4607-B623-E586B4F875DB}.Release|Win32.Build.0 = Release|Win32
		{9B5DD17A-B612-4607-B623-E586B4F875DB}.Release|x64.ActiveCfg = Release|x64
		{9B5DD17A-B612-4607-B623-E586B4F875DB}.Release|x64.Build.0 = Release|x64
		{2671A2DD-7A67-4EB5-934D-D49771095467}.Debug|Win32.ActiveCfg = Debug|Win32
		{2671A2DD-7A67-4EB5-934D-D49771095467}.Debug|x64.ActiveCfg = Debug|x64
		{2671A2DD-7A67-4EB5-934D-D49771095467}.Debug|x64.Build.0 = Debug|x64
		{2671A2DD-7A67-4EB5-934D-D49771095467}.Release|Win32.ActiveCfg = Release|Win32
		{2671A2DD-7A67-4EB5-934D-D49771095467}.Release|Win32.Build.0 = Release|Win32
		{2671A2DD-7A67-4EB5-934D-D49771095467}.Release|x64.ActiveCfg = Release|x64
		{2671A2DD-7A67-4EB5-934D-D49771095467}.Release|x64.Build.0 = Release|x64
		{CEC58023-49D7-468B-98D1-FA86A3E88374}.Debug|Win32.ActiveCfg = Debug|Win32
		{CEC58023-49D7-468B-98D1-FA86A3E88374}.Debug|x64.ActiveCfg = Debug|x64
		{CEC58023-49D7-468B-98D1-FA86A3E88374}.Debug|x64.Build.0 = Debug|x64
		{CEC58023-49D7-468B-98D1-FA86A3E88374}.Release|Win32.ActiveCfg = Release|Win32
		{CEC58023-49D7-468B-98D1-FA86A3E88374}.Release|Win32.Build.0 = Release|Win32
		{CEC58023-49D7-468B-98D1-FA86A3E88374}.Release|x64.ActiveCfg = Release|x64
		{CEC58023-49D7-468B-98D1-FA86A3E88374}.Release|x64.Build.0 = Release|x64
		{0E582D9D-96BD-4FC2-B7E0-0D1273ADAF15}.Debug|Win32.ActiveCfg = Debug|Win32
		{0E582D9D-96BD-4FC2-B7E0-0D1273ADAF15}.Debug|x64.ActiveCfg = Debug|x64
		{0E582D9D-96BD-4FC2-B7E0-0D1273ADAF15}.Debug|x64.Build.0 = Debug|x64
		{0E582D9D-96BD-4FC2-B7E0-0D1273ADAF15}.Release|Win32.ActiveCfg = Release|Win32
		{0E582D9D-96BD-4FC2-B7E0-0D1273ADAF15}.Release|Win32.Build.0 = Release|Win32
		{0E582D9D-96BD-4FC2-B7E0-0D1273ADAF15}.Release|x64.ActiveCfg = Release|x64
		{0E582D9D-96BD-4FC2-B7E0-0D1273ADAF15}.Release|x64.Build.0 = Release|x64
		{CEDE02CB-C628-4369-83E9-A4290BD913A2}.Debug|Win32.ActiveCfg = Debug|Win32
		{CEDE02CB-C628-4369-83E9-A4290BD913A2}.Debug|x64.ActiveCfg = Debug|x64
		{CEDE02CB-C628-4369-83E9-A4290BD913A2}.Debug|x64.Build.0 = Debug|x64
		{CEDE02CB-C628-4369-83E9-A4290BD913A2}.Release|Win32.ActiveCfg = Release|Win32
		{CEDE02CB-C628-4369-83E9-A4290BD913A2}.Release|Win32.Build.0 = Release|Win32
		{CEDE02CB-C628-4369-83E9-A4290BD913A2}.Release|x64.ActiveCfg = Release|x64
		{CEDE02CB-C628-4369-83E9-A4290BD913A2}.Release|x64.Build.0 = Release|x64
		{926F0D77-4887-4215-9232-242D418A1F2D}.Debug|Win32.ActiveCfg = Debug|Win32
		{926F0D77-4887-4215-9232-242D418A1F2D}.Debug|x64.ActiveCfg = Debug|x64
		{926F0D77-4887-4215-9232-242D418A1F2D}.Debug|x64.Build.0 = Debug|x64
		{926F0D77-4887-4215-9232-242D418A1F2D}.Release|Win32.ActiveCfg = Release|Win32
		{926F0D77-4887-4215-9232-242D418A1F2D}.Release|Win32.Build.0 = Release|Win32
		{926F0D77-4887-4215-9232-242D418A1F2D}.Release|x64.ActiveCfg = Release|x64
		{926F0D77-4887-4215-9232-242D418A1F2D}.Release|x64.Build.0 = Release|x64
		{8F19B758-692E-45C0-9BB7-967F22C6721A}.Debug|Win32.ActiveCfg = Debug|Win32
		{8F19B758-692E-45C0-9BB7-967F22C6721A}.Debug|x64.ActiveCfg = Debug|Win32
		{8F19B758-692E-45C0-9BB7-967F22C6721A}.Release|Win32.ActiveCfg = Release|Win32
		{8F19B758-692E-45C0-9BB7-967F22C6721A}.Release|Win32.Build.0 = Release|Win32
		{8F19B758-692E-45C0-9BB7-967F22C6721A}.Release|x64.ActiveCfg = Release|Win32
		{C0814893-BB50-411E-8114-D36151562D1C}.Debug|Win32.ActiveCfg = Debug|Win32
		{C0814893-BB50-411E-8114-D36151562D1C}.Debug|Win32.Build.0 = Debug|Win32
		{C0814893-BB50-411E-8114-D36151562D1C}.Debug|x64.ActiveCfg = Debug|Win32
		{C0814893-BB50-411E-8114-D36151562D1C}.Release|Win32.ActiveCfg = Release|Win32
		{C0814893-BB50-411E-8114-D36151562D1C}.Release|Win32.Build.0 = Release|Win32
		{C0814893-BB50-411E-8114-D36151562D1C}.Release|x64.ActiveCfg = Release|Win32
		{ED0139F3-24EC-4F62-8FA6-CF10E7F5137E}.Debug|Win32.ActiveCfg = Debug|Win32
		{ED0139F3-24EC-4F62-8FA6-CF10E7F5137E}.Debug|Win32.Build.0 = Debug|Win32
		{ED0139F3-24EC-4F62-8FA6-CF10E7F5137E}.Debug|x64.ActiveCfg = Debug|Win32
		{ED0139F3-24EC-4F62-8FA6-CF10E7F5137E}.Release|Win32.ActiveCfg = Release|Win32
		{ED0139F3-24EC-4F62-8FA6-CF10E7F5137E}.Release|Win32.Build.0 = Release|Win32
		{ED0139F3-24EC-4F62-8FA6-CF10E7F5137E}.Release|x64.ActiveCfg = Release|Win32
		{807FC757-D95B-411E-AE6F-A7EB4B4AA396}.Debug|Win32.ActiveCfg = Debug|Win32
		{807FC757-D95B-411E-AE6F-A7EB4B4AA396}.Debug|Win32.Build.0 = Debug|Win32
		{807FC757-D95B-411E-AE6F-A7EB4B4AA396}.Debug|x64.ActiveCfg = Debug|Win32
		{807FC757-D95B-411E-AE6F-A7EB4B4AA396}.Release|Win32.ActiveCfg = Release|Win32
		{807FC757-D95B-411E-AE6F-A7EB4B4AA396}.Release|Win32.Build.0 = Release|Win32
		{807FC757-D95B-411E-AE6F-A7EB4B4AA396}.Release|x64.ActiveCfg = Release|Win32
		{1AC03592-FA19-4E2A-A0BA-411D5218105C}.Debug|Win32.ActiveCfg = Debug|Win32
		{1AC03592-FA19-4E2A-A0BA-411D5218105C}.Debug|Win32.Build.0 = Debug|Win32
		{1AC03592-FA19-4E2A-A0BA-411D5218105C}.Debug|x64.ActiveCfg = Debug|x64
		{1AC03592-FA19-4E2A-A0BA-411D5218105C}.Debug|x64.Build.0 = Debug|x64
		{1AC03592-FA19-4E2A-A0BA-411D5218105C}.Release|Win32.ActiveCfg = Release|Win32
		{1AC03592-FA19-4E2A-A0BA-411D5218105C}.Release|Win32.Build.0 = Release|Win32
		{1AC03592-FA19-4E2A-A0BA-411D5218105C}.Release|x64.ActiveCfg = Release|x64
		{1AC03592-FA19-4E2A-A0BA-411D5218105C}.Release|x64.Build.0 = Release|x64
		{682D8D83-4BD2-408A-893F-6F0114102BEA}.Debug|Win32.ActiveCfg = Debug|Win32
		{682D8D83-4BD2-408A-893F-6F0114102BEA}.Debug|Win32.Build.0 = Debug|Win32
		{682D8D83-4BD2-408A-893F-6F0114102BEA}.Debug|x64.ActiveCfg = Debug|x64
		{682D8D83-4BD2-408A-893F-6F0114102BEA}.Debug|x64.Build.0 = Debug|x64
		{682D8D83-4BD2-408A-893F-6F0114102BEA}.Release|Win32.ActiveCfg = Release|Win32
		{682D8D83-4BD2-408A-893F-6F0114102BEA}.Release|Win32.Build.0 = Release|Win32
		{682D8D83-4BD2-408A-893F-6F0114102BEA}.Release|x64.ActiveCfg = Release|x64
		{682D8D83-4BD2-408A-893F-6F0114102BEA}.Release|x64.Build.0 = Release|x64
		{F803016F-1A09-4887-84B1-587A44B5D0F2}.Debug|Win32.ActiveCfg = Debug|Win32
		{F803016F-1A09-4887-84B1-587A44B5D0F2}.Debug|Win32.Build.0 = Debug|Win32
		{F803016F-1A09-4887-84B1-587A44B5D0F2}.Debug|x64.ActiveCfg = Debug|x64
		{F803016F-1A09-4887-84B1-587A44B5D0F2}.Debug|x64.Build.0 = Debug|x64
		{F803016F-1A09-4887-84B1-587A44B5D0F2}.Release|Win32.ActiveCfg = Release|Win32
		{F803016F-1A09-4887-84B1-587A44B5D0F2}.Release|Win32.Build.0 = Release|Win32
		{F803016F-1A09-4887-84B1-587A44B5D0F2}.Release|x64.ActiveCfg = Release|x64
		{F803016F-1A09-4887-84B1-587A44B5D0F2}.Release|x64.Build.0 = Release|x64
		{EACE62BB-54B6-489A-8B53-1F25BD1D3DED}.Debug|Win32.ActiveCfg = Debug|Win32
		{EACE62BB-54B6-489A-8B53-1F25BD1D3DED}.Debug|Win32.Build.0 = Debug|Win32
		{EACE62BB-54B6-489A-8B53-1F25BD1D3DED}.Debug|x64.ActiveCfg = Debug|Win32
		{EACE62BB-54B6-489A-8B53-1F25BD1D3DED}.Release|Win32.ActiveCfg = Release|Win32
		{EACE62BB-54B6-489A-8B53-1F25BD1D3DED}.Release|Win32.Build.0 = Release|Win32
		{EACE62BB-54B6-489A-8B53-1F25BD1D3DED}.Release|x64.ActiveCfg = Release|Win32
	EndGlobalSection
	GlobalSection(SolutionProperties) = preSolution
		HideSolutionNode = FALSE
	EndGlobalSection
EndGlobal
